
Microsoft Visual Studio Solution File, Format Version 12.00
# Visual Studio 14
VisualStudioVersion = 14.0.25420.1
MinimumVisualStudioVersion = 10.0.40219.1
Project("{FAE04EC0-301F-11D3-BF4B-00C04F79EFBC}") = "Recruitment", "Recruitment\Recruitment.csproj", "{CB03997E-8574-477B-A5CF-E3F0506D60CE}"
EndProject
Project("{FAE04EC0-301F-11D3-BF4B-00C04F79EFBC}") = "Recruitment.Data", "Recruitment.Data\Recruitment.Data.csproj", "{724791C3-F25A-4566-96EF-439D61F7FBD2}"
EndProject
Global
	GlobalSection(SolutionConfigurationPlatforms) = preSolution
		Debug|Any CPU = Debug|Any CPU
		Release|Any CPU = Release|Any CPU
	EndGlobalSection
	GlobalSection(ProjectConfigurationPlatforms) = postSolution
		{CB03997E-8574-477B-A5CF-E3F0506D60CE}.Debug|Any CPU.ActiveCfg = Debug|Any CPU
		{CB03997E-8574-477B-A5CF-E3F0506D60CE}.Debug|Any CPU.Build.0 = Debug|Any CPU
		{CB03997E-8574-477B-A5CF-E3F0506D60CE}.Release|Any CPU.ActiveCfg = Release|Any CPU
		{CB03997E-8574-477B-A5CF-E3F0506D60CE}.Release|Any CPU.Build.0 = Release|Any CPU
		{724791C3-F25A-4566-96EF-439D61F7FBD2}.Debug|Any CPU.ActiveCfg = Debug|Any CPU
		{724791C3-F25A-4566-96EF-439D61F7FBD2}.Debug|Any CPU.Build.0 = Debug|Any CPU
		{724791C3-F25A-4566-96EF-439D61F7FBD2}.Release|Any CPU.ActiveCfg = Release|Any CPU
		{724791C3-F25A-4566-96EF-439D61F7FBD2}.Release|Any CPU.Build.0 = Release|Any CPU
	EndGlobalSection
	GlobalSection(SolutionProperties) = preSolution
		HideSolutionNode = FALSE
	EndGlobalSection
EndGlobal
